// !$*UTF8*$!
{
	archiveVersion = 1;
	classes = {
	};
	objectVersion = 77;
	objects = {

/* Begin PBXBuildFile section */
		E99460794E6140999587ED21 /* FullDiskAccessCheck.swift in Sources */ = {isa = PBXBuildFile; fileRef = 84B1A6A8D7764E8E80CC05D4 /* FullDiskAccessCheck.swift */; };
		2FA09820DBF6A972F4A46EAC /* Foundation.framework in Frameworks */ = {isa = PBXBuildFile; fileRef = 10D404B2C37BC90BFDFE06AB /* Foundation.framework */; };
		3B86DA2DF8D7141482E702A2 /* MCP in Frameworks */ = {isa = PBXBuildFile; productRef = 6086BAF2C1AD43519A16AB5A /* MCP */; };
		5369FAAF6A01C8682C47A10E /* PasstramiMCP in Embed Dependencies */ = {isa = PBXBuildFile; fileRef = C1AEE46C19B149E24D4EABA8 /* PasstramiMCP */; };
		5B8D5D9CDD5269DAEAD29E01 /* PasstramiNotifications.appex in Embed App Extensions */ = {isa = PBXBuildFile; fileRef = 56884C88709C165565549933 /* PasstramiNotifications.appex */; settings = {ATTRIBUTES = (RemoveHeadersOnCopy, ); }; };
		7B0510CC02CDE69FF877464B /* PasstramiCLI in Embed Dependencies */ = {isa = PBXBuildFile; fileRef = 7FE6811E743DE5CC922F8867 /* PasstramiCLI */; settings = {ATTRIBUTES = (RemoveHeadersOnCopy, ); }; };
		8349569D03C2C7D437824D2E /* PasstramiEngine in Embed Dependencies */ = {isa = PBXBuildFile; fileRef = D019F1D8C6B2908C54113CCD /* PasstramiEngine */; settings = {ATTRIBUTES = (RemoveHeadersOnCopy, ); }; };
		C0441DB286B53455787986DC /* Bundle+DisplayName.swift in Sources */ = {isa = PBXBuildFile; fileRef = 74585DC261A8E755E41F14C1 /* Bundle+DisplayName.swift */; };
		C3492C30EFC8EF7CFBC941BE /* MCP in Frameworks */ = {isa = PBXBuildFile; productRef = A1F139CC6E6255ACF70FAB05 /* MCP */; };
		CC0648779E7A4B5F901E21A1 /* Sparkle in Frameworks */ = {isa = PBXBuildFile; productRef = CC0648779E7A4B5F901E21A2 /* Sparkle */; };
		E8B4A1D12E1E6328383A7D1E /* Tests/MCP/Harness.swift in Sources */ = {isa = PBXBuildFile; fileRef = 802A56FBF9D7D8AF4A769C73 /* Tests/MCP/Harness.swift */; };
/* End PBXBuildFile section */

/* Begin PBXContainerItemProxy section */
		96C0730186071B606BCB1348 /* PBXContainerItemProxy */ = {
			isa = PBXContainerItemProxy;
			containerPortal = 803B8273E7560208A8C34C3C /* Project object */;
			proxyType = 1;
			remoteGlobalIDString = 4426215152A4A4D601B65F1C;
			remoteInfo = PasstramiCLI;
		};
		BE5F3539B5C5EE5256902EAD /* PBXContainerItemProxy */ = {
			isa = PBXContainerItemProxy;
			containerPortal = 803B8273E7560208A8C34C3C /* Project object */;
			proxyType = 1;
			remoteGlobalIDString = 5A2E607E04C4F8CFF16AA16B;
			remoteInfo = PasstramiMCP;
		};
		F77D02873A2DB452781104B1 /* PBXContainerItemProxy */ = {
			isa = PBXContainerItemProxy;
			containerPortal = 803B8273E7560208A8C34C3C /* Project object */;
			proxyType = 1;
			remoteGlobalIDString = 62FF5E90ECA31E89AA1AD56F;
			remoteInfo = PasstramiNotifications;
		};
		FB331C7B4E78767CABE882CE /* PBXContainerItemProxy */ = {
			isa = PBXContainerItemProxy;
			containerPortal = 803B8273E7560208A8C34C3C /* Project object */;
			proxyType = 1;
			remoteGlobalIDString = 1DCD1B28C505110E467CB2C2;
			remoteInfo = PasstramiEngine;
		};
/* End PBXContainerItemProxy section */

/* Begin PBXCopyFilesBuildPhase section */
		25C5C7A560F0947B3F300595 /* Embed App Extensions */ = {
			isa = PBXCopyFilesBuildPhase;
			buildActionMask = 2147483647;
			dstPath = "";
			dstSubfolderSpec = 13;
			files = (
				5B8D5D9CDD5269DAEAD29E01 /* PasstramiNotifications.appex in Embed App Extensions */,
			);
			name = "Embed App Extensions";
			runOnlyForDeploymentPostprocessing = 0;
		};
		B4376111945C2EAC17D15D9A /* Embed Dependencies */ = {
			isa = PBXCopyFilesBuildPhase;
			buildActionMask = 2147483647;
			dstPath = "";
			dstSubfolderSpec = 7;
			files = (
				8349569D03C2C7D437824D2E /* PasstramiEngine in Embed Dependencies */,
				5369FAAF6A01C8682C47A10E /* PasstramiMCP in Embed Dependencies */,
			);
			name = "Embed Dependencies";
			runOnlyForDeploymentPostprocessing = 0;
		};
		E5474301CAADB6508D692C78 /* Embed Dependencies */ = {
			isa = PBXCopyFilesBuildPhase;
			buildActionMask = 2147483647;
			dstPath = Contents/Helpers;
			dstSubfolderSpec = 1;
			files = (
				7B0510CC02CDE69FF877464B /* PasstramiCLI in Embed Dependencies */,
			);
			name = "Embed Dependencies";
			runOnlyForDeploymentPostprocessing = 0;
		};
/* End PBXCopyFilesBuildPhase section */

/* Begin PBXFileReference section */
		84B1A6A8D7764E8E80CC05D4 /* FullDiskAccessCheck.swift */ = {isa = PBXFileReference; lastKnownFileType = sourcecode.swift; path = App/FullDiskAccessCheck.swift; sourceTree = SOURCE_ROOT; };
		029FA881CCD882486E5A92AC /* Info.plist */ = {isa = PBXFileReference; lastKnownFileType = text.plist; path = Info.plist; sourceTree = "<group>"; };
		10D404B2C37BC90BFDFE06AB /* Foundation.framework */ = {isa = PBXFileReference; lastKnownFileType = wrapper.framework; name = Foundation.framework; path = Platforms/iPhoneOS.platform/Developer/SDKs/iPhoneOS18.0.sdk/System/Library/Frameworks/Foundation.framework; sourceTree = DEVELOPER_DIR; };
		3FB652E141AC901698F634B2 /* LICENSE */ = {isa = PBXFileReference; lastKnownFileType = text; path = LICENSE; sourceTree = "<group>"; };
		56884C88709C165565549933 /* PasstramiNotifications.appex */ = {isa = PBXFileReference; explicitFileType = "wrapper.app-extension"; includeInIndex = 0; path = PasstramiNotifications.appex; sourceTree = BUILT_PRODUCTS_DIR; };
		74585DC261A8E755E41F14C1 /* Bundle+DisplayName.swift */ = {isa = PBXFileReference; includeInIndex = 1; lastKnownFileType = sourcecode.swift; name = "Bundle+DisplayName.swift"; path = "App/Bundle+DisplayName.swift"; sourceTree = "<group>"; };
		7B49052207EC92AAFB9E1CAC /* PasstramiCompanion.app */ = {isa = PBXFileReference; explicitFileType = wrapper.application; includeInIndex = 0; name = PasstramiCompanion.app; path = Passtrami.app; sourceTree = BUILT_PRODUCTS_DIR; };
		7FE6811E743DE5CC922F8867 /* PasstramiCLI */ = {isa = PBXFileReference; includeInIndex = 0; lastKnownFileType = text; name = PasstramiCLI; path = passtrami; sourceTree = BUILT_PRODUCTS_DIR; };
		802A56FBF9D7D8AF4A769C73 /* Tests/MCP/Harness.swift */ = {isa = PBXFileReference; includeInIndex = 1; lastKnownFileType = sourcecode.swift; path = Tests/MCP/Harness.swift; sourceTree = SOURCE_ROOT; };
		B4710E9398C8906FECD1912E /* README.md */ = {isa = PBXFileReference; lastKnownFileType = net.daringfireball.markdown; path = README.md; sourceTree = "<group>"; };
		C1AEE46C19B149E24D4EABA8 /* PasstramiMCP */ = {isa = PBXFileReference; includeInIndex = 0; lastKnownFileType = text; name = PasstramiMCP; path = "passtrami-mcp"; sourceTree = BUILT_PRODUCTS_DIR; };
		CB93E85E385AB11CEDE6E577 /* PasstramiMCPTests */ = {isa = PBXFileReference; includeInIndex = 0; lastKnownFileType = text; name = PasstramiMCPTests; path = "passtrami-mcp-tests"; sourceTree = BUILT_PRODUCTS_DIR; };
		CDF5B95C40E49420E3973C0D /* Passtrami.app */ = {isa = PBXFileReference; explicitFileType = wrapper.application; includeInIndex = 0; path = Passtrami.app; sourceTree = BUILT_PRODUCTS_DIR; };
		D019F1D8C6B2908C54113CCD /* PasstramiEngine */ = {isa = PBXFileReference; includeInIndex = 0; lastKnownFileType = text; name = PasstramiEngine; path = "passtrami-engine"; sourceTree = BUILT_PRODUCTS_DIR; };
/* End PBXFileReference section */

/* Begin PBXFileSystemSynchronizedBuildFileExceptionSet section */
		139962C80D2D1C6869FAA581 /* Exceptions for "NotificationService" folder in "PasstramiNotifications" target */ = {
			isa = PBXFileSystemSynchronizedBuildFileExceptionSet;
			membershipExceptions = (
				Info.plist,
			);
			target = 62FF5E90ECA31E89AA1AD56F /* PasstramiNotifications */;
		};
		433CBC7D26D4F06B78597164 /* Exceptions for "iPhone" folder in "PasstramiCompanion" target */ = {
			isa = PBXFileSystemSynchronizedBuildFileExceptionSet;
			membershipExceptions = (
				Info.plist,
			);
			target = F9DCEBCBF7FC45221D31B231 /* PasstramiCompanion */;
		};
		58B97055BA000DAC81A7F023 /* Exceptions for "Companion" folder in "PasstramiCompanion" target */ = {
			isa = PBXFileSystemSynchronizedBuildFileExceptionSet;
			membershipExceptions = (
				README.md,
				schema.ckdb,
			);
			target = F9DCEBCBF7FC45221D31B231 /* PasstramiCompanion */;
		};
		EABBE4A08EDB8AE70DBF3015 /* Exceptions for "Companion" folder in "Passtrami" target */ = {
			isa = PBXFileSystemSynchronizedBuildFileExceptionSet;
			membershipExceptions = (
				README.md,
				schema.ckdb,
			);
			target = 54586CC0DD147B6213263959 /* Passtrami */;
		};
/* End PBXFileSystemSynchronizedBuildFileExceptionSet section */

/* Begin PBXFileSystemSynchronizedRootGroup section */
		0B4FFC526A61A1A8D5846300 /* docs */ = {
			isa = PBXFileSystemSynchronizedRootGroup;
			path = docs;
			sourceTree = "<group>";
		};
		125777AB9613392B6AC02548 /* EngineHost */ = {
			isa = PBXFileSystemSynchronizedRootGroup;
			path = EngineHost;
			sourceTree = "<group>";
		};
		1CCAD66A4B668FEEB19D5AE6 /* MCP */ = {
			isa = PBXFileSystemSynchronizedRootGroup;
			path = MCP;
			sourceTree = "<group>";
		};
		1D3FB38E8B39D75234F62B6F /* Shared */ = {
			isa = PBXFileSystemSynchronizedRootGroup;
			path = Shared;
			sourceTree = "<group>";
		};
		277E4202639A8AFC1E65CFE8 /* Resources */ = {
			isa = PBXFileSystemSynchronizedRootGroup;
			path = Resources;
			sourceTree = "<group>";
		};
		6E5FBFFB187A8BD3A27DEE10 /* Engine */ = {
			isa = PBXFileSystemSynchronizedRootGroup;
			path = Engine;
			sourceTree = "<group>";
		};
		7E4F0DA256D1000B91C2A6A2 /* CLI */ = {
			isa = PBXFileSystemSynchronizedRootGroup;
			path = CLI;
			sourceTree = "<group>";
		};
		99649882CF13A02069F1C05F /* iPhone */ = {
			isa = PBXFileSystemSynchronizedRootGroup;
			exceptions = (
				433CBC7D26D4F06B78597164 /* Exceptions for "iPhone" folder in "PasstramiCompanion" target */,
			);
			path = iPhone;
			sourceTree = "<group>";
		};
		9A6048F5D9831397F57D249A /* Companion */ = {
			isa = PBXFileSystemSynchronizedRootGroup;
			exceptions = (
				EABBE4A08EDB8AE70DBF3015 /* Exceptions for "Companion" folder in "Passtrami" target */,
				58B97055BA000DAC81A7F023 /* Exceptions for "Companion" folder in "PasstramiCompanion" target */,
			);
			path = Companion;
			sourceTree = "<group>";
		};
		9D6EEFFECD5053C98768ED1D /* App */ = {
			isa = PBXFileSystemSynchronizedRootGroup;
			path = App;
			sourceTree = "<group>";
		};
		A810734D4F22BD85D4808402 /* Assets */ = {
			isa = PBXFileSystemSynchronizedRootGroup;
			path = Assets;
			sourceTree = "<group>";
		};
		B092B14A287035E633107DF7 /* scripts */ = {
			isa = PBXFileSystemSynchronizedRootGroup;
			path = scripts;
			sourceTree = "<group>";
		};
		C9458214625DDC4F9CC78016 /* Tests */ = {
			isa = PBXFileSystemSynchronizedRootGroup;
			path = Tests;
			sourceTree = "<group>";
		};
		D5E9C4D3C7B3F3E3A860CD71 /* Vendor */ = {
			isa = PBXFileSystemSynchronizedRootGroup;
			path = Vendor;
			sourceTree = "<group>";
		};
		E29F5B161CF2FB726C8EF902 /* NotificationService */ = {
			isa = PBXFileSystemSynchronizedRootGroup;
			exceptions = (
				139962C80D2D1C6869FAA581 /* Exceptions for "NotificationService" folder in "PasstramiNotifications" target */,
			);
			path = NotificationService;
			sourceTree = "<group>";
		};
/* End PBXFileSystemSynchronizedRootGroup section */

/* Begin PBXFrameworksBuildPhase section */
		3CD6C960F30D39895A354FB1 /* Frameworks */ = {
			isa = PBXFrameworksBuildPhase;
			buildActionMask = 2147483647;
			files = (
				3B86DA2DF8D7141482E702A2 /* MCP in Frameworks */,
			);
			runOnlyForDeploymentPostprocessing = 0;
		};
		B6F1E625EDE92EE3367E7485 /* Frameworks */ = {
			isa = PBXFrameworksBuildPhase;
			buildActionMask = 2147483647;
			files = (
				C3492C30EFC8EF7CFBC941BE /* MCP in Frameworks */,
			);
			runOnlyForDeploymentPostprocessing = 0;
		};
		C9ED2141BE219146280A45FF /* Frameworks */ = {
			isa = PBXFrameworksBuildPhase;
			buildActionMask = 2147483647;
			files = (
				2FA09820DBF6A972F4A46EAC /* Foundation.framework in Frameworks */,
			);
			runOnlyForDeploymentPostprocessing = 0;
		};
		CC0648779E7A4B5F901E21A5 /* Frameworks */ = {
			isa = PBXFrameworksBuildPhase;
			buildActionMask = 2147483647;
			files = (
				CC0648779E7A4B5F901E21A1 /* Sparkle in Frameworks */,
			);
			runOnlyForDeploymentPostprocessing = 0;
		};
		E085AFB37151B55059F78B08 /* Frameworks */ = {
			isa = PBXFrameworksBuildPhase;
			buildActionMask = 2147483647;
			files = (
			);
			runOnlyForDeploymentPostprocessing = 0;
		};
/* End PBXFrameworksBuildPhase section */

/* Begin PBXGroup section */
		05FBCEE2544A7AF83A204BD5 /* iOS */ = {
			isa = PBXGroup;
			children = (
				10D404B2C37BC90BFDFE06AB /* Foundation.framework */,
			);
			name = iOS;
			sourceTree = "<group>";
		};
		5CB8F1F13051BEA1005551C5 /* Recovered References */ = {
			isa = PBXGroup;
			children = (
				802A56FBF9D7D8AF4A769C73 /* Tests/MCP/Harness.swift */,
			);
			name = "Recovered References";
			sourceTree = "<group>";
		};
		8D4C14C33AD6A0093C0F2E92 = {
			isa = PBXGroup;
			children = (
				84B1A6A8D7764E8E80CC05D4 /* FullDiskAccessCheck.swift */,
				029FA881CCD882486E5A92AC /* Info.plist */,
				3FB652E141AC901698F634B2 /* LICENSE */,
				B4710E9398C8906FECD1912E /* README.md */,
				9D6EEFFECD5053C98768ED1D /* App */,
				A810734D4F22BD85D4808402 /* Assets */,
				7E4F0DA256D1000B91C2A6A2 /* CLI */,
				125777AB9613392B6AC02548 /* EngineHost */,
				6E5FBFFB187A8BD3A27DEE10 /* Engine */,
				277E4202639A8AFC1E65CFE8 /* Resources */,
				C9458214625DDC4F9CC78016 /* Tests */,
				0B4FFC526A61A1A8D5846300 /* docs */,
				B092B14A287035E633107DF7 /* scripts */,
				D5E9C4D3C7B3F3E3A860CD71 /* Vendor */,
				CC27F93FED78DB135292D4E1 /* Products */,
				1D3FB38E8B39D75234F62B6F /* Shared */,
				1CCAD66A4B668FEEB19D5AE6 /* MCP */,
				E10641F8AE6469C143A69FAF /* Frameworks */,
				5CB8F1F13051BEA1005551C5 /* Recovered References */,
				9A6048F5D9831397F57D249A /* Companion */,
				99649882CF13A02069F1C05F /* iPhone */,
				74585DC261A8E755E41F14C1 /* Bundle+DisplayName.swift */,
				E29F5B161CF2FB726C8EF902 /* NotificationService */,
			);
			sourceTree = "<group>";
		};
		CC27F93FED78DB135292D4E1 /* Products */ = {
			isa = PBXGroup;
			children = (
				CDF5B95C40E49420E3973C0D /* Passtrami.app */,
				7FE6811E743DE5CC922F8867 /* PasstramiCLI */,
				D019F1D8C6B2908C54113CCD /* PasstramiEngine */,
				C1AEE46C19B149E24D4EABA8 /* PasstramiMCP */,
				CB93E85E385AB11CEDE6E577 /* PasstramiMCPTests */,
				7B49052207EC92AAFB9E1CAC /* PasstramiCompanion.app */,
				56884C88709C165565549933 /* PasstramiNotifications.appex */,
			);
			name = Products;
			sourceTree = "<group>";
		};
		D38897824FEBD2F9E1AC9EA7 /* OS X */ = {
			isa = PBXGroup;
			children = (
			);
			name = "OS X";
			sourceTree = "<group>";
		};
		E10641F8AE6469C143A69FAF /* Frameworks */ = {
			isa = PBXGroup;
			children = (
				D38897824FEBD2F9E1AC9EA7 /* OS X */,
				05FBCEE2544A7AF83A204BD5 /* iOS */,
			);
			name = Frameworks;
			sourceTree = "<group>";
		};
/* End PBXGroup section */

/* Begin PBXNativeTarget section */
		1DCD1B28C505110E467CB2C2 /* PasstramiEngine */ = {
			isa = PBXNativeTarget;
			buildConfigurationList = 435BBDD526A16E2DD5A3D191 /* Build configuration list for PBXNativeTarget "PasstramiEngine" */;
			buildPhases = (
				9A8B46DF07327BB4D89A9918 /* Sources */,
				97A36100E20F3FE71005C326 /* Resources */,
			);
			buildRules = (
			);
			dependencies = (
			);
			fileSystemSynchronizedGroups = (
				125777AB9613392B6AC02548 /* EngineHost */,
			);
			name = PasstramiEngine;
			productName = PasstramiEngine;
			productReference = D019F1D8C6B2908C54113CCD /* PasstramiEngine */;
			productType = "com.apple.product-type.tool";
		};
		4426215152A4A4D601B65F1C /* PasstramiCLI */ = {
			isa = PBXNativeTarget;
			buildConfigurationList = 0C023296C1FE6C6B560DE76D /* Build configuration list for PBXNativeTarget "PasstramiCLI" */;
			buildPhases = (
				C05AB6518F609A504581BAC4 /* Sources */,
				5B8A3645A3D69F62BCA2B0E2 /* Resources */,
			);
			buildRules = (
			);
			dependencies = (
			);
			fileSystemSynchronizedGroups = (
				1D3FB38E8B39D75234F62B6F /* Shared */,
				7E4F0DA256D1000B91C2A6A2 /* CLI */,
			);
			name = PasstramiCLI;
			productName = PasstramiCLI;
			productReference = 7FE6811E743DE5CC922F8867 /* PasstramiCLI */;
			productType = "com.apple.product-type.tool";
		};
		54586CC0DD147B6213263959 /* Passtrami */ = {
			isa = PBXNativeTarget;
			buildConfigurationList = A266ADC4F1AADA151FB01E8C /* Build configuration list for PBXNativeTarget "Passtrami" */;
			buildPhases = (
				66F7E9B4BE075656486E9F63 /* Sources */,
				CC0648779E7A4B5F901E21A5 /* Frameworks */,
				195D567251F6F68B69454FC0 /* Resources */,
				B4376111945C2EAC17D15D9A /* Embed Dependencies */,
				E5474301CAADB6508D692C78 /* Embed Dependencies */,
				78F2B74FF48E98F8B3AEA8C7 /* Bundle engine scripts and notices */,
			);
			buildRules = (
			);
			dependencies = (
				A76528B486F9D47523D4A667 /* PBXTargetDependency */,
				5C6CA845D5ABE11BBEE085CF /* PBXTargetDependency */,
				B4B66BDB5B12A787FB8BAFB3 /* PBXTargetDependency */,
			);
			fileSystemSynchronizedGroups = (
				9A6048F5D9831397F57D249A /* Companion */,
				9D6EEFFECD5053C98768ED1D /* App */,
				A810734D4F22BD85D4808402 /* Assets */,
			);
			name = Passtrami;
			packageProductDependencies = (
				CC0648779E7A4B5F901E21A2 /* Sparkle */,
			);
			productName = Passtrami;
			productReference = CDF5B95C40E49420E3973C0D /* Passtrami.app */;
			productType = "com.apple.product-type.application";
		};
		5A2E607E04C4F8CFF16AA16B /* PasstramiMCP */ = {
			isa = PBXNativeTarget;
			buildConfigurationList = 2FE06CFD6280D726971C24B0 /* Build configuration list for PBXNativeTarget "PasstramiMCP" */;
			buildPhases = (
				455B37CF067277CB34209154 /* Sources */,
				3CD6C960F30D39895A354FB1 /* Frameworks */,
			);
			buildRules = (
			);
			dependencies = (
			);
			fileSystemSynchronizedGroups = (
				1CCAD66A4B668FEEB19D5AE6 /* MCP */,
				1D3FB38E8B39D75234F62B6F /* Shared */,
			);
			name = PasstramiMCP;
			packageProductDependencies = (
				6086BAF2C1AD43519A16AB5A /* MCP */,
			);
			productName = PasstramiMCP;
			productReference = C1AEE46C19B149E24D4EABA8 /* PasstramiMCP */;
			productType = "com.apple.product-type.tool";
		};
		62FF5E90ECA31E89AA1AD56F /* PasstramiNotifications */ = {
			isa = PBXNativeTarget;
			buildConfigurationList = 1CE48B096E4CC79841415339 /* Build configuration list for PBXNativeTarget "PasstramiNotifications" */;
			buildPhases = (
				92B3EE2F41A83958BFAC8849 /* Sources */,
				E085AFB37151B55059F78B08 /* Frameworks */,
				F7DC3FB0F17EE9D2B32ED7FC /* Resources */,
			);
			buildRules = (
			);
			dependencies = (
			);
			fileSystemSynchronizedGroups = (
				E29F5B161CF2FB726C8EF902 /* NotificationService */,
			);
			name = PasstramiNotifications;
			productName = PasstramiNotifications;
			productReference = 56884C88709C165565549933 /* PasstramiNotifications.appex */;
			productType = "com.apple.product-type.app-extension";
		};
		8B9C5B52DA01348320BD7332 /* PasstramiMCPTests */ = {
			isa = PBXNativeTarget;
			buildConfigurationList = 9281E99D4931AB8433313DB2 /* Build configuration list for PBXNativeTarget "PasstramiMCPTests" */;
			buildPhases = (
				1DE25BBEB2789CBF0B06A759 /* Sources */,
				B6F1E625EDE92EE3367E7485 /* Frameworks */,
			);
			buildRules = (
			);
			dependencies = (
			);
			fileSystemSynchronizedGroups = (
				1CCAD66A4B668FEEB19D5AE6 /* MCP */,
				1D3FB38E8B39D75234F62B6F /* Shared */,
			);
			name = PasstramiMCPTests;
			packageProductDependencies = (
				A1F139CC6E6255ACF70FAB05 /* MCP */,
			);
			productName = PasstramiMCPTests;
			productReference = CB93E85E385AB11CEDE6E577 /* PasstramiMCPTests */;
			productType = "com.apple.product-type.tool";
		};
		F9DCEBCBF7FC45221D31B231 /* PasstramiCompanion */ = {
			isa = PBXNativeTarget;
			buildConfigurationList = 11FFD1996231265BC1D8BD31 /* Build configuration list for PBXNativeTarget "PasstramiCompanion" */;
			buildPhases = (
				FADE40ED0B05A78345C9E893 /* Sources */,
				C9ED2141BE219146280A45FF /* Frameworks */,
				B07F19D85430EE2E2CE1312F /* Resources */,
				25C5C7A560F0947B3F300595 /* Embed App Extensions */,
			);
			buildRules = (
			);
			dependencies = (
				21FDC45E0FD2329B6C3CBB64 /* PBXTargetDependency */,
			);
			fileSystemSynchronizedGroups = (
				99649882CF13A02069F1C05F /* iPhone */,
				9A6048F5D9831397F57D249A /* Companion */,
				A810734D4F22BD85D4808402 /* Assets */,
			);
			name = PasstramiCompanion;
			productName = PasstramiCompanion;
			productReference = 7B49052207EC92AAFB9E1CAC /* PasstramiCompanion.app */;
			productType = "com.apple.product-type.application";
		};
/* End PBXNativeTarget section */

/* Begin PBXProject section */
		803B8273E7560208A8C34C3C /* Project object */ = {
			isa = PBXProject;
			attributes = {
				BuildIndependentTargetsInParallel = YES;
				LastUpgradeCheck = 2700;
				TargetAttributes = {
					1DCD1B28C505110E467CB2C2 = {
						ProvisioningStyle = Manual;
					};
					4426215152A4A4D601B65F1C = {
						ProvisioningStyle = Manual;
					};
					54586CC0DD147B6213263959 = {
						DevelopmentTeam = 5KE88HWMKJ;
						ProvisioningStyle = Automatic;
						SystemCapabilities = {
							com.apple.Push = {
								enabled = 1;
							};
							com.apple.iCloud = {
								enabled = 1;
							};
						};
					};
					62FF5E90ECA31E89AA1AD56F = {
						DevelopmentTeam = 5KE88HWMKJ;
						ProvisioningStyle = Automatic;
					};
					F9DCEBCBF7FC45221D31B231 = {
						DevelopmentTeam = 5KE88HWMKJ;
						ProvisioningStyle = Automatic;
						SystemCapabilities = {
							com.apple.Push = {
								enabled = 1;
							};
							com.apple.iCloud = {
								enabled = 1;
							};
						};
					};
				};
			};
			buildConfigurationList = 8B54EB16271A399839EA7CFF /* Build configuration list for PBXProject "Passtrami" */;
			developmentRegion = en;
			hasScannedForEncodings = 0;
			knownRegions = (
				Base,
				en,
			);
			mainGroup = 8D4C14C33AD6A0093C0F2E92;
			minimizedProjectReferenceProxies = 1;
			packageReferences = (
				CC0648779E7A4B5F901E21A6 /* XCRemoteSwiftPackageReference "Sparkle" */,
				55576CFB3517DEE1D3CBDB19 /* XCRemoteSwiftPackageReference "swift-sdk" */,
			);
			preferredProjectObjectVersion = 77;
			productRefGroup = CC27F93FED78DB135292D4E1 /* Products */;
			projectDirPath = "";
			projectRoot = "";
			targets = (
				54586CC0DD147B6213263959 /* Passtrami */,
				4426215152A4A4D601B65F1C /* PasstramiCLI */,
				1DCD1B28C505110E467CB2C2 /* PasstramiEngine */,
				5A2E607E04C4F8CFF16AA16B /* PasstramiMCP */,
				8B9C5B52DA01348320BD7332 /* PasstramiMCPTests */,
				F9DCEBCBF7FC45221D31B231 /* PasstramiCompanion */,
				62FF5E90ECA31E89AA1AD56F /* PasstramiNotifications */,
			);
		};
/* End PBXProject section */

/* Begin PBXResourcesBuildPhase section */
		195D567251F6F68B69454FC0 /* Resources */ = {
			isa = PBXResourcesBuildPhase;
			buildActionMask = 2147483647;
			files = (
			);
			runOnlyForDeploymentPostprocessing = 0;
		};
		5B8A3645A3D69F62BCA2B0E2 /* Resources */ = {
			isa = PBXResourcesBuildPhase;
			buildActionMask = 2147483647;
			files = (
			);
			runOnlyForDeploymentPostprocessing = 0;
		};
		97A36100E20F3FE71005C326 /* Resources */ = {
			isa = PBXResourcesBuildPhase;
			buildActionMask = 2147483647;
			files = (
			);
			runOnlyForDeploymentPostprocessing = 0;
		};
		B07F19D85430EE2E2CE1312F /* Resources */ = {
			isa = PBXResourcesBuildPhase;
			buildActionMask = 2147483647;
			files = (
			);
			runOnlyForDeploymentPostprocessing = 0;
		};
		F7DC3FB0F17EE9D2B32ED7FC /* Resources */ = {
			isa = PBXResourcesBuildPhase;
			buildActionMask = 2147483647;
			files = (
			);
			runOnlyForDeploymentPostprocessing = 0;
		};
/* End PBXResourcesBuildPhase section */

/* Begin PBXShellScriptBuildPhase section */
		78F2B74FF48E98F8B3AEA8C7 /* Bundle engine scripts and notices */ = {
			isa = PBXShellScriptBuildPhase;
			alwaysOutOfDate = 1;
			buildActionMask = 2147483647;
			files = (
			);
			inputFileListPaths = (
			);
			inputPaths = (
			);
			name = "Bundle engine scripts and notices";
			outputFileListPaths = (
			);
			outputPaths = (
			);
			runOnlyForDeploymentPostprocessing = 0;
			shellPath = /bin/sh;
			shellScript = "\"$SRCROOT/scripts/embed-resources.sh\"";
		};
/* End PBXShellScriptBuildPhase section */

/* Begin PBXSourcesBuildPhase section */
		1DE25BBEB2789CBF0B06A759 /* Sources */ = {
			isa = PBXSourcesBuildPhase;
			buildActionMask = 2147483647;
			files = (
				E8B4A1D12E1E6328383A7D1E /* Tests/MCP/Harness.swift in Sources */,
			);
			runOnlyForDeploymentPostprocessing = 0;
		};
		455B37CF067277CB34209154 /* Sources */ = {
			isa = PBXSourcesBuildPhase;
			buildActionMask = 2147483647;
			files = (
			);
			runOnlyForDeploymentPostprocessing = 0;
		};
		66F7E9B4BE075656486E9F63 /* Sources */ = {
			isa = PBXSourcesBuildPhase;
			buildActionMask = 2147483647;
			files = (
			);
			runOnlyForDeploymentPostprocessing = 0;
		};
		92B3EE2F41A83958BFAC8849 /* Sources */ = {
			isa = PBXSourcesBuildPhase;
			buildActionMask = 2147483647;
			files = (
			);
			runOnlyForDeploymentPostprocessing = 0;
		};
		9A8B46DF07327BB4D89A9918 /* Sources */ = {
			isa = PBXSourcesBuildPhase;
			buildActionMask = 2147483647;
			files = (
				E99460794E6140999587ED21 /* FullDiskAccessCheck.swift in Sources */,
			);
			runOnlyForDeploymentPostprocessing = 0;
		};
		C05AB6518F609A504581BAC4 /* Sources */ = {
			isa = PBXSourcesBuildPhase;
			buildActionMask = 2147483647;
			files = (
			);
			runOnlyForDeploymentPostprocessing = 0;
		};
		FADE40ED0B05A78345C9E893 /* Sources */ = {
			isa = PBXSourcesBuildPhase;
			buildActionMask = 2147483647;
			files = (
				C0441DB286B53455787986DC /* Bundle+DisplayName.swift in Sources */,
			);
			runOnlyForDeploymentPostprocessing = 0;
		};
/* End PBXSourcesBuildPhase section */

/* Begin PBXTargetDependency section */
		21FDC45E0FD2329B6C3CBB64 /* PBXTargetDependency */ = {
			isa = PBXTargetDependency;
			name = PasstramiNotifications;
			target = 62FF5E90ECA31E89AA1AD56F /* PasstramiNotifications */;
			targetProxy = F77D02873A2DB452781104B1 /* PBXContainerItemProxy */;
		};
		5C6CA845D5ABE11BBEE085CF /* PBXTargetDependency */ = {
			isa = PBXTargetDependency;
			target = 1DCD1B28C505110E467CB2C2 /* PasstramiEngine */;
			targetProxy = FB331C7B4E78767CABE882CE /* PBXContainerItemProxy */;
		};
		A76528B486F9D47523D4A667 /* PBXTargetDependency */ = {
			isa = PBXTargetDependency;
			target = 4426215152A4A4D601B65F1C /* PasstramiCLI */;
			targetProxy = 96C0730186071B606BCB1348 /* PBXContainerItemProxy */;
		};
		B4B66BDB5B12A787FB8BAFB3 /* PBXTargetDependency */ = {
			isa = PBXTargetDependency;
			name = PasstramiMCP;
			target = 5A2E607E04C4F8CFF16AA16B /* PasstramiMCP */;
			targetProxy = BE5F3539B5C5EE5256902EAD /* PBXContainerItemProxy */;
		};
/* End PBXTargetDependency section */

/* Begin XCBuildConfiguration section */
		04EF08216786F0DB495FC8BF /* Release */ = {
			isa = XCBuildConfiguration;
			buildSettings = {
				COMBINE_HIDPI_IMAGES = YES;
				LD_RUNPATH_SEARCH_PATHS = (
					"$(inherited)",
					"@executable_path/../Frameworks",
				);
				PRODUCT_BUNDLE_IDENTIFIER = io.zats.Passtrami.engine;
				PRODUCT_NAME = "passtrami-engine";
				SDKROOT = macosx;
				SKIP_INSTALL = YES;
			};
			name = Release;
		};
		07342CADF42F0EEEE98FE670 /* Release */ = {
			isa = XCBuildConfiguration;
			buildSettings = {
				COMBINE_HIDPI_IMAGES = YES;
				LD_RUNPATH_SEARCH_PATHS = (
					"$(inherited)",
					"@executable_path/../Frameworks",
				);
				PRODUCT_BUNDLE_IDENTIFIER = io.zats.Passtrami.cli;
				PRODUCT_NAME = passtrami;
				SDKROOT = macosx;
				SKIP_INSTALL = YES;
			};
			name = Release;
		};
		0E6EBB0F12D0C2E497085250 /* Debug */ = {
			isa = XCBuildConfiguration;
			buildSettings = {
				COMBINE_HIDPI_IMAGES = YES;
				LD_RUNPATH_SEARCH_PATHS = (
					"$(inherited)",
					"@executable_path/../Frameworks",
				);
				PRODUCT_BUNDLE_IDENTIFIER = io.zats.Passtrami.cli;
				PRODUCT_NAME = passtrami;
				SDKROOT = macosx;
				SKIP_INSTALL = YES;
			};
			name = Debug;
		};
		2DBA1EC8924CAAC50F6068F6 /* Debug */ = {
			isa = XCBuildConfiguration;
			buildSettings = {
				CODE_SIGN_IDENTITY = "-";
				CODE_SIGN_STYLE = Manual;
				MACOSX_DEPLOYMENT_TARGET = 26.2;
				PRODUCT_BUNDLE_IDENTIFIER = "io.zats.Passtrami.mcp-tests";
				PRODUCT_NAME = "passtrami-mcp-tests";
				SDKROOT = macosx;
				SKIP_INSTALL = YES;
				SWIFT_ACTIVE_COMPILATION_CONDITIONS = "$(inherited) PASSTRAMI_MCP_TEST";
				SWIFT_STRICT_CONCURRENCY = complete;
				SWIFT_TREAT_WARNINGS_AS_ERRORS = YES;
				SWIFT_VERSION = 6.0;
			};
			name = Debug;
		};
		34EF7B0FF4A05D2924DFCEF9 /* Release */ = {
			isa = XCBuildConfiguration;
			buildSettings = {
				ASSETCATALOG_COMPILER_APPICON_NAME = AppIcon;
				ASSETCATALOG_COMPILER_GLOBAL_ACCENT_COLOR_NAME = AccentColor;
				CLANG_ENABLE_OBJC_WEAK = NO;
				CODE_SIGN_ENTITLEMENTS = iPhone/Companion.entitlements;
				CODE_SIGN_IDENTITY = "Apple Development";
				CODE_SIGN_STYLE = Automatic;
				CURRENT_PROJECT_VERSION = 1;
				DEVELOPMENT_TEAM = 5KE88HWMKJ;
				GENERATE_INFOPLIST_FILE = NO;
				ICLOUD_CONTAINER_ENVIRONMENT = Production;
				INFOPLIST_FILE = iPhone/Info.plist;
				IPHONEOS_DEPLOYMENT_TARGET = 26.2;
				LD_RUNPATH_SEARCH_PATHS = (
					"$(inherited)",
					"@executable_path/Frameworks",
				);
				MARKETING_VERSION = 1.0;
				PRODUCT_BUNDLE_IDENTIFIER = io.zats.Passtrami.Companion;
				PRODUCT_NAME = Passtrami;
				SDKROOT = iphoneos;
				SUPPORTS_MACCATALYST = NO;
				SUPPORTS_MAC_DESIGNED_FOR_IPHONE_IPAD = NO;
				SWIFT_STRICT_CONCURRENCY = complete;
				SWIFT_TREAT_WARNINGS_AS_ERRORS = YES;
				SWIFT_VERSION = 6.0;
				TARGETED_DEVICE_FAMILY = 1;
				VALIDATE_PRODUCT = YES;
			};
			name = Release;
		};
		6C7CF58F5D050E2EEA7FCB61 /* Debug */ = {
			isa = XCBuildConfiguration;
			buildSettings = {
				APS_ENVIRONMENT = development;
				ASSETCATALOG_COMPILER_APPICON_NAME = AppIcon;
				CODE_SIGN_ENTITLEMENTS = Passtrami.entitlements;
				CODE_SIGN_IDENTITY = "Apple Development";
				CODE_SIGN_STYLE = Automatic;
				COMBINE_HIDPI_IMAGES = YES;
				DEVELOPMENT_TEAM = 5KE88HWMKJ;
				ENABLE_APP_SANDBOX = NO;
				ENABLE_DEBUG_DYLIB = NO;
				ENABLE_HARDENED_RUNTIME = NO;
				GENERATE_INFOPLIST_FILE = NO;
				ICLOUD_CONTAINER_ENVIRONMENT = Development;
				INFOPLIST_FILE = Info.plist;
				LD_RUNPATH_SEARCH_PATHS = (
					"$(inherited)",
					"@executable_path/../Frameworks",
				);
				PRODUCT_BUNDLE_IDENTIFIER = io.zats.Passtrami;
				SDKROOT = macosx;
			};
			name = Debug;
		};
		7ECF4D3C10AECA3BAC915D85 /* Release */ = {
			isa = XCBuildConfiguration;
			buildSettings = {
				CODE_SIGN_IDENTITY = "-";
				CODE_SIGN_STYLE = Manual;
				MACOSX_DEPLOYMENT_TARGET = 26.2;
				PRODUCT_BUNDLE_IDENTIFIER = io.zats.Passtrami.mcp;
				PRODUCT_NAME = "passtrami-mcp";
				SDKROOT = macosx;
				SKIP_INSTALL = YES;
				SWIFT_STRICT_CONCURRENCY = complete;
				SWIFT_TREAT_WARNINGS_AS_ERRORS = YES;
				SWIFT_VERSION = 6.0;
			};
			name = Release;
		};
		9B5D365EBA4FC9AFED908E51 /* Release */ = {
			isa = XCBuildConfiguration;
			buildSettings = {
				APS_ENVIRONMENT = development;
				ASSETCATALOG_COMPILER_APPICON_NAME = AppIcon;
				CODE_SIGN_ENTITLEMENTS = Passtrami.entitlements;
				CODE_SIGN_IDENTITY = "Apple Development";
				CODE_SIGN_STYLE = Automatic;
				COMBINE_HIDPI_IMAGES = YES;
				DEVELOPMENT_TEAM = 5KE88HWMKJ;
				ENABLE_APP_SANDBOX = NO;
				ENABLE_DEBUG_DYLIB = NO;
				ENABLE_HARDENED_RUNTIME = NO;
				GENERATE_INFOPLIST_FILE = NO;
				ICLOUD_CONTAINER_ENVIRONMENT = Production;
				INFOPLIST_FILE = Info.plist;
				LD_RUNPATH_SEARCH_PATHS = (
					"$(inherited)",
					"@executable_path/../Frameworks",
				);
				PRODUCT_BUNDLE_IDENTIFIER = io.zats.Passtrami;
				SDKROOT = macosx;
			};
			name = Release;
		};
		9CBBE81399BB328F2B18EB94 /* Release */ = {
			isa = XCBuildConfiguration;
			buildSettings = {
				CODE_SIGN_IDENTITY = "-";
				CODE_SIGN_STYLE = Manual;
				MACOSX_DEPLOYMENT_TARGET = 26.2;
				PRODUCT_BUNDLE_IDENTIFIER = "io.zats.Passtrami.mcp-tests";
				PRODUCT_NAME = "passtrami-mcp-tests";
				SDKROOT = macosx;
				SKIP_INSTALL = YES;
				SWIFT_ACTIVE_COMPILATION_CONDITIONS = "$(inherited) PASSTRAMI_MCP_TEST";
				SWIFT_STRICT_CONCURRENCY = complete;
				SWIFT_TREAT_WARNINGS_AS_ERRORS = YES;
				SWIFT_VERSION = 6.0;
			};
			name = Release;
		};
		B66D83D170E3048F827BBD76 /* Debug */ = {
			isa = XCBuildConfiguration;
			buildSettings = {
				CODE_SIGN_IDENTITY = "-";
				CODE_SIGN_STYLE = Manual;
				MACOSX_DEPLOYMENT_TARGET = 26.2;
				PRODUCT_BUNDLE_IDENTIFIER = io.zats.Passtrami.mcp;
				PRODUCT_NAME = "passtrami-mcp";
				SDKROOT = macosx;
				SKIP_INSTALL = YES;
				SWIFT_STRICT_CONCURRENCY = complete;
				SWIFT_TREAT_WARNINGS_AS_ERRORS = YES;
				SWIFT_VERSION = 6.0;
			};
			name = Debug;
		};
		BB4651D34CFBA453C7237E89 /* Debug */ = {
			isa = XCBuildConfiguration;
			buildSettings = {
				ALWAYS_SEARCH_USER_PATHS = NO;
				ARCHS = arm64;
				CLANG_ANALYZER_NONNULL = YES;
				CLANG_ANALYZER_NUMBER_OBJECT_CONVERSION = YES_AGGRESSIVE;
				CLANG_CXX_LANGUAGE_STANDARD = "gnu++14";
				CLANG_CXX_LIBRARY = "libc++";
				CLANG_ENABLE_MODULES = YES;
				CLANG_ENABLE_OBJC_ARC = YES;
				CLANG_ENABLE_OBJC_WEAK = YES;
				CLANG_WARN_BLOCK_CAPTURE_AUTORELEASING = YES;
				CLANG_WARN_BOOL_CONVERSION = YES;
				CLANG_WARN_COMMA = YES;
				CLANG_WARN_CONSTANT_CONVERSION = YES;
				CLANG_WARN_DEPRECATED_OBJC_IMPLEMENTATIONS = YES;
				CLANG_WARN_DIRECT_OBJC_ISA_USAGE = YES_ERROR;
				CLANG_WARN_DOCUMENTATION_COMMENTS = YES;
				CLANG_WARN_EMPTY_BODY = YES;
				CLANG_WARN_ENUM_CONVERSION = YES;
				CLANG_WARN_INFINITE_RECURSION = YES;
				CLANG_WARN_INT_CONVERSION = YES;
				CLANG_WARN_NON_LITERAL_NULL_CONVERSION = YES;
				CLANG_WARN_OBJC_IMPLICIT_RETAIN_SELF = YES;
				CLANG_WARN_OBJC_LITERAL_CONVERSION = YES;
				CLANG_WARN_OBJC_ROOT_CLASS = YES_ERROR;
				CLANG_WARN_QUOTED_INCLUDE_IN_FRAMEWORK_HEADER = YES;
				CLANG_WARN_RANGE_LOOP_ANALYSIS = YES;
				CLANG_WARN_STRICT_PROTOTYPES = YES;
				CLANG_WARN_SUSPICIOUS_MOVE = YES;
				CLANG_WARN_UNGUARDED_AVAILABILITY = YES_AGGRESSIVE;
				CLANG_WARN_UNREACHABLE_CODE = YES;
				CLANG_WARN__DUPLICATE_METHOD_MATCH = YES;
				CODE_SIGN_IDENTITY = "-";
				CODE_SIGN_STYLE = Manual;
				COPY_PHASE_STRIP = NO;
				DEBUG_INFORMATION_FORMAT = dwarf;
				ENABLE_STRICT_OBJC_MSGSEND = YES;
				ENABLE_TESTABILITY = YES;
				ENABLE_USER_SCRIPT_SANDBOXING = NO;
				GCC_C_LANGUAGE_STANDARD = gnu11;
				GCC_DYNAMIC_NO_PIC = NO;
				GCC_NO_COMMON_BLOCKS = YES;
				GCC_OPTIMIZATION_LEVEL = 0;
				GCC_PREPROCESSOR_DEFINITIONS = (
					"$(inherited)",
					"DEBUG=1",
				);
				GCC_WARN_64_TO_32_BIT_CONVERSION = YES;
				GCC_WARN_ABOUT_RETURN_TYPE = YES_ERROR;
				GCC_WARN_UNDECLARED_SELECTOR = YES;
				GCC_WARN_UNINITIALIZED_AUTOS = YES_AGGRESSIVE;
				GCC_WARN_UNUSED_FUNCTION = YES;
				GCC_WARN_UNUSED_VARIABLE = YES;
				MACOSX_DEPLOYMENT_TARGET = 26.2;
				MTL_ENABLE_DEBUG_INFO = INCLUDE_SOURCE;
				MTL_FAST_MATH = YES;
				ONLY_ACTIVE_ARCH = YES;
				PRODUCT_NAME = "$(TARGET_NAME)";
				SDKROOT = macosx;
				SWIFT_ACTIVE_COMPILATION_CONDITIONS = DEBUG;
				SWIFT_OPTIMIZATION_LEVEL = "-Onone";
				SWIFT_STRICT_CONCURRENCY = complete;
				SWIFT_TREAT_WARNINGS_AS_ERRORS = YES;
				SWIFT_VERSION = 6.0;
			};
			name = Debug;
		};
		CF9098EB04EEF6B4E290C712 /* Release */ = {
			isa = XCBuildConfiguration;
			buildSettings = {
				ALWAYS_SEARCH_USER_PATHS = NO;
				ARCHS = arm64;
				CLANG_ANALYZER_NONNULL = YES;
				CLANG_ANALYZER_NUMBER_OBJECT_CONVERSION = YES_AGGRESSIVE;
				CLANG_CXX_LANGUAGE_STANDARD = "gnu++14";
				CLANG_CXX_LIBRARY = "libc++";
				CLANG_ENABLE_MODULES = YES;
				CLANG_ENABLE_OBJC_ARC = YES;
				CLANG_ENABLE_OBJC_WEAK = YES;
				CLANG_WARN_BLOCK_CAPTURE_AUTORELEASING = YES;
				CLANG_WARN_BOOL_CONVERSION = YES;
				CLANG_WARN_COMMA = YES;
				CLANG_WARN_CONSTANT_CONVERSION = YES;
				CLANG_WARN_DEPRECATED_OBJC_IMPLEMENTATIONS = YES;
				CLANG_WARN_DIRECT_OBJC_ISA_USAGE = YES_ERROR;
				CLANG_WARN_DOCUMENTATION_COMMENTS = YES;
				CLANG_WARN_EMPTY_BODY = YES;
				CLANG_WARN_ENUM_CONVERSION = YES;
				CLANG_WARN_INFINITE_RECURSION = YES;
				CLANG_WARN_INT_CONVERSION = YES;
				CLANG_WARN_NON_LITERAL_NULL_CONVERSION = YES;
				CLANG_WARN_OBJC_IMPLICIT_RETAIN_SELF = YES;
				CLANG_WARN_OBJC_LITERAL_CONVERSION = YES;
				CLANG_WARN_OBJC_ROOT_CLASS = YES_ERROR;
				CLANG_WARN_QUOTED_INCLUDE_IN_FRAMEWORK_HEADER = YES;
				CLANG_WARN_RANGE_LOOP_ANALYSIS = YES;
				CLANG_WARN_STRICT_PROTOTYPES = YES;
				CLANG_WARN_SUSPICIOUS_MOVE = YES;
				CLANG_WARN_UNGUARDED_AVAILABILITY = YES_AGGRESSIVE;
				CLANG_WARN_UNREACHABLE_CODE = YES;
				CLANG_WARN__DUPLICATE_METHOD_MATCH = YES;
				CODE_SIGN_IDENTITY = "-";
				CODE_SIGN_STYLE = Manual;
				COPY_PHASE_STRIP = NO;
				DEBUG_INFORMATION_FORMAT = "dwarf-with-dsym";
				ENABLE_NS_ASSERTIONS = NO;
				ENABLE_STRICT_OBJC_MSGSEND = YES;
				ENABLE_USER_SCRIPT_SANDBOXING = NO;
				GCC_C_LANGUAGE_STANDARD = gnu11;
				GCC_NO_COMMON_BLOCKS = YES;
				GCC_WARN_64_TO_32_BIT_CONVERSION = YES;
				GCC_WARN_ABOUT_RETURN_TYPE = YES_ERROR;
				GCC_WARN_UNDECLARED_SELECTOR = YES;
				GCC_WARN_UNINITIALIZED_AUTOS = YES_AGGRESSIVE;
				GCC_WARN_UNUSED_FUNCTION = YES;
				GCC_WARN_UNUSED_VARIABLE = YES;
				MACOSX_DEPLOYMENT_TARGET = 26.2;
				MTL_ENABLE_DEBUG_INFO = NO;
				MTL_FAST_MATH = YES;
				PRODUCT_NAME = "$(TARGET_NAME)";
				SDKROOT = macosx;
				SWIFT_COMPILATION_MODE = wholemodule;
				SWIFT_OPTIMIZATION_LEVEL = "-O";
				SWIFT_STRICT_CONCURRENCY = complete;
				SWIFT_TREAT_WARNINGS_AS_ERRORS = YES;
				SWIFT_VERSION = 6.0;
			};
			name = Release;
		};
		D41AC38052D5BEB95804D8A6 /* Debug */ = {
			isa = XCBuildConfiguration;
			buildSettings = {
				COMBINE_HIDPI_IMAGES = YES;
				LD_RUNPATH_SEARCH_PATHS = (
					"$(inherited)",
					"@executable_path/../Frameworks",
				);
				PRODUCT_BUNDLE_IDENTIFIER = io.zats.Passtrami.engine;
				PRODUCT_NAME = "passtrami-engine";
				SDKROOT = macosx;
				SKIP_INSTALL = YES;
			};
			name = Debug;
		};
		D9999729F7731881F116BCC9 /* Release */ = {
			isa = XCBuildConfiguration;
			buildSettings = {
				APPLICATION_EXTENSION_API_ONLY = YES;
				CLANG_ENABLE_OBJC_WEAK = NO;
				CODE_SIGN_IDENTITY = "Apple Development";
				CODE_SIGN_STYLE = Automatic;
				CURRENT_PROJECT_VERSION = 1;
				DEVELOPMENT_TEAM = 5KE88HWMKJ;
				GENERATE_INFOPLIST_FILE = NO;
				INFOPLIST_FILE = NotificationService/Info.plist;
				IPHONEOS_DEPLOYMENT_TARGET = 26.2;
				LD_RUNPATH_SEARCH_PATHS = (
					"$(inherited)",
					"@executable_path/Frameworks",
					"@executable_path/../../Frameworks",
				);
				MARKETING_VERSION = 1.0;
				PRODUCT_BUNDLE_IDENTIFIER = io.zats.Passtrami.Companion.Notifications;
				PRODUCT_NAME = PasstramiNotifications;
				SDKROOT = iphoneos;
				SKIP_INSTALL = YES;
				SUPPORTS_MACCATALYST = NO;
				SWIFT_STRICT_CONCURRENCY = complete;
				SWIFT_TREAT_WARNINGS_AS_ERRORS = YES;
				SWIFT_VERSION = 6.0;
				TARGETED_DEVICE_FAMILY = 1;
				VALIDATE_PRODUCT = YES;
			};
			name = Release;
		};
		E0044038B07A28E96E55D7EA /* Debug */ = {
			isa = XCBuildConfiguration;
			buildSettings = {
				ASSETCATALOG_COMPILER_APPICON_NAME = AppIcon;
				ASSETCATALOG_COMPILER_GLOBAL_ACCENT_COLOR_NAME = AccentColor;
				CLANG_ENABLE_OBJC_WEAK = NO;
				CODE_SIGN_ENTITLEMENTS = iPhone/Companion.entitlements;
				CODE_SIGN_IDENTITY = "Apple Development";
				CODE_SIGN_STYLE = Automatic;
				CURRENT_PROJECT_VERSION = 1;
				DEVELOPMENT_TEAM = 5KE88HWMKJ;
				GENERATE_INFOPLIST_FILE = NO;
				ICLOUD_CONTAINER_ENVIRONMENT = Development;
				INFOPLIST_FILE = iPhone/Info.plist;
				IPHONEOS_DEPLOYMENT_TARGET = 26.2;
				LD_RUNPATH_SEARCH_PATHS = (
					"$(inherited)",
					"@executable_path/Frameworks",
				);
				MARKETING_VERSION = 1.0;
				PRODUCT_BUNDLE_IDENTIFIER = io.zats.Passtrami.Companion;
				PRODUCT_NAME = Passtrami;
				SDKROOT = iphoneos;
				SUPPORTS_MACCATALYST = NO;
				SUPPORTS_MAC_DESIGNED_FOR_IPHONE_IPAD = NO;
				SWIFT_STRICT_CONCURRENCY = complete;
				SWIFT_TREAT_WARNINGS_AS_ERRORS = YES;
				SWIFT_VERSION = 6.0;
				TARGETED_DEVICE_FAMILY = 1;
			};
			name = Debug;
		};
		F9873B6B4935C47B55BDF794 /* Debug */ = {
			isa = XCBuildConfiguration;
			buildSettings = {
				APPLICATION_EXTENSION_API_ONLY = YES;
				CLANG_ENABLE_OBJC_WEAK = NO;
				CODE_SIGN_IDENTITY = "Apple Development";
				CODE_SIGN_STYLE = Automatic;
				CURRENT_PROJECT_VERSION = 1;
				DEVELOPMENT_TEAM = 5KE88HWMKJ;
				GENERATE_INFOPLIST_FILE = NO;
				INFOPLIST_FILE = NotificationService/Info.plist;
				IPHONEOS_DEPLOYMENT_TARGET = 26.2;
				LD_RUNPATH_SEARCH_PATHS = (
					"$(inherited)",
					"@executable_path/Frameworks",
					"@executable_path/../../Frameworks",
				);
				MARKETING_VERSION = 1.0;
				PRODUCT_BUNDLE_IDENTIFIER = io.zats.Passtrami.Companion.Notifications;
				PRODUCT_NAME = PasstramiNotifications;
				SDKROOT = iphoneos;
				SKIP_INSTALL = YES;
				SUPPORTS_MACCATALYST = NO;
				SWIFT_STRICT_CONCURRENCY = complete;
				SWIFT_TREAT_WARNINGS_AS_ERRORS = YES;
				SWIFT_VERSION = 6.0;
				TARGETED_DEVICE_FAMILY = 1;
			};
			name = Debug;
		};
/* End XCBuildConfiguration section */

/* Begin XCConfigurationList section */
		0C023296C1FE6C6B560DE76D /* Build configuration list for PBXNativeTarget "PasstramiCLI" */ = {
			isa = XCConfigurationList;
			buildConfigurations = (
				0E6EBB0F12D0C2E497085250 /* Debug */,
				07342CADF42F0EEEE98FE670 /* Release */,
			);
			defaultConfigurationIsVisible = 0;
			defaultConfigurationName = Debug;
		};
		11FFD1996231265BC1D8BD31 /* Build configuration list for PBXNativeTarget "PasstramiCompanion" */ = {
			isa = XCConfigurationList;
			buildConfigurations = (
				34EF7B0FF4A05D2924DFCEF9 /* Release */,
				E0044038B07A28E96E55D7EA /* Debug */,
			);
			defaultConfigurationIsVisible = 0;
			defaultConfigurationName = Release;
		};
		1CE48B096E4CC79841415339 /* Build configuration list for PBXNativeTarget "PasstramiNotifications" */ = {
			isa = XCConfigurationList;
			buildConfigurations = (
				D9999729F7731881F116BCC9 /* Release */,
				F9873B6B4935C47B55BDF794 /* Debug */,
			);
			defaultConfigurationIsVisible = 0;
			defaultConfigurationName = Release;
		};
		2FE06CFD6280D726971C24B0 /* Build configuration list for PBXNativeTarget "PasstramiMCP" */ = {
			isa = XCConfigurationList;
			buildConfigurations = (
				7ECF4D3C10AECA3BAC915D85 /* Release */,
				B66D83D170E3048F827BBD76 /* Debug */,
			);
			defaultConfigurationIsVisible = 0;
			defaultConfigurationName = Release;
		};
		435BBDD526A16E2DD5A3D191 /* Build configuration list for PBXNativeTarget "PasstramiEngine" */ = {
			isa = XCConfigurationList;
			buildConfigurations = (
				D41AC38052D5BEB95804D8A6 /* Debug */,
				04EF08216786F0DB495FC8BF /* Release */,
			);
			defaultConfigurationIsVisible = 0;
			defaultConfigurationName = Debug;
		};
		8B54EB16271A399839EA7CFF /* Build configuration list for PBXProject "Passtrami" */ = {
			isa = XCConfigurationList;
			buildConfigurations = (
				BB4651D34CFBA453C7237E89 /* Debug */,
				CF9098EB04EEF6B4E290C712 /* Release */,
			);
			defaultConfigurationIsVisible = 0;
			defaultConfigurationName = Debug;
		};
		9281E99D4931AB8433313DB2 /* Build configuration list for PBXNativeTarget "PasstramiMCPTests" */ = {
			isa = XCConfigurationList;
			buildConfigurations = (
				9CBBE81399BB328F2B18EB94 /* Release */,
				2DBA1EC8924CAAC50F6068F6 /* Debug */,
			);
			defaultConfigurationIsVisible = 0;
			defaultConfigurationName = Release;
		};
		A266ADC4F1AADA151FB01E8C /* Build configuration list for PBXNativeTarget "Passtrami" */ = {
			isa = XCConfigurationList;
			buildConfigurations = (
				6C7CF58F5D050E2EEA7FCB61 /* Debug */,
				9B5D365EBA4FC9AFED908E51 /* Release */,
			);
			defaultConfigurationIsVisible = 0;
			defaultConfigurationName = Debug;
		};
/* End XCConfigurationList section */

/* Begin XCRemoteSwiftPackageReference section */
		55576CFB3517DEE1D3CBDB19 /* XCRemoteSwiftPackageReference "swift-sdk" */ = {
			isa = XCRemoteSwiftPackageReference;
			repositoryURL = "https://github.com/modelcontextprotocol/swift-sdk.git";
			requirement = {
				kind = exactVersion;
				version = 0.12.1;
			};
		};
		CC0648779E7A4B5F901E21A6 /* XCRemoteSwiftPackageReference "Sparkle" */ = {
			isa = XCRemoteSwiftPackageReference;
			repositoryURL = "https://github.com/sparkle-project/Sparkle";
			requirement = {
				kind = exactVersion;
				version = 2.9.6;
			};
		};
/* End XCRemoteSwiftPackageReference section */

/* Begin XCSwiftPackageProductDependency section */
		6086BAF2C1AD43519A16AB5A /* MCP */ = {
			isa = XCSwiftPackageProductDependency;
			package = 55576CFB3517DEE1D3CBDB19 /* XCRemoteSwiftPackageReference "swift-sdk" */;
			productName = MCP;
		};
		A1F139CC6E6255ACF70FAB05 /* MCP */ = {
			isa = XCSwiftPackageProductDependency;
			package = 55576CFB3517DEE1D3CBDB19 /* XCRemoteSwiftPackageReference "swift-sdk" */;
			productName = MCP;
		};
		CC0648779E7A4B5F901E21A2 /* Sparkle */ = {
			isa = XCSwiftPackageProductDependency;
			package = CC0648779E7A4B5F901E21A6 /* XCRemoteSwiftPackageReference "Sparkle" */;
			productName = Sparkle;
		};
/* End XCSwiftPackageProductDependency section */
	};
	rootObject = 803B8273E7560208A8C34C3C /* Project object */;
}
